
Microsoft Visual Studio Solution File, Format Version 12.00
# Visual Studio Version 17
VisualStudioVersion = 17.1.32407.343
MinimumVisualStudioVersion = 10.0.40219.1
Project("{9A19103F-16F7-4668-BE54-9A1E7A4F7556}") = "SoftUniCSharp", "SoftUniCSharp\SoftUniCSharp.csproj", "{00E60E88-690B-488A-9EA8-F0A42516C351}"
EndProject
Project("{9A19103F-16F7-4668-BE54-9A1E7A4F7556}") = "WorkingDays", "WorkingDays\WorkingDays.csproj", "{7A4C36D8-E487-457A-874A-1D9AAED43EE7}"
EndProject
Project("{9A19103F-16F7-4668-BE54-9A1E7A4F7556}") = "InvalidNumber", "InvalidNumber\InvalidNumber.csproj", "{BF1EAB5D-A729-44A6-8F0D-E9C84E60AF07}"
EndProject
Project("{9A19103F-16F7-4668-BE54-9A1E7A4F7556}") = "FruitShop", "FruitShop\FruitShop.csproj", "{2063F82E-35C2-478B-BA81-443812C40BA9}"
EndProject
Project("{9A19103F-16F7-4668-BE54-9A1E7A4F7556}") = "TradeCommissions", "TradeCommissions\TradeCommissions.csproj", "{52E6077E-4168-4C5A-9F02-C3BB9A4D3CE9}"
EndProject
Project("{FAE04EC0-301F-11D3-BF4B-00C04F79EFBC}") = "Vacation", "Vacation\Vacation.csproj", "{19173963-0243-4B96-ADE6-644001B1293F}"
EndProject
Project("{FAE04EC0-301F-11D3-BF4B-00C04F79EFBC}") = "Graduation", "Graduation\Graduation.csproj", "{0A639DCD-DA7C-447F-BCF4-CA773411B62A}"
EndProject
Project("{FAE04EC0-301F-11D3-BF4B-00C04F79EFBC}") = "OldBooks", "OldBooks\OldBooks.csproj", "{7937AFF3-FCEE-488F-ACE0-27EEA82726B4}"
EndProject
Project("{FAE04EC0-301F-11D3-BF4B-00C04F79EFBC}") = "ExamPreparations", "ExamPreparations\ExamPreparations.csproj", "{508259D8-88B1-4C60-85FD-E09607651B37}"
EndProject
Project("{FAE04EC0-301F-11D3-BF4B-00C04F79EFBC}") = "Walking", "Walking\Walking.csproj", "{D205DC4E-50FD-4C11-9E21-3E34B22EE68E}"
EndProject
Global
	GlobalSection(SolutionConfigurationPlatforms) = preSolution
		Debug|Any CPU = Debug|Any CPU
		Release|Any CPU = Release|Any CPU
	EndGlobalSection
	GlobalSection(ProjectConfigurationPlatforms) = postSolution
		{00E60E88-690B-488A-9EA8-F0A42516C351}.Debug|Any CPU.ActiveCfg = Debug|Any CPU
		{00E60E88-690B-488A-9EA8-F0A42516C351}.Debug|Any CPU.Build.0 = Debug|Any CPU
		{00E60E88-690B-488A-9EA8-F0A42516C351}.Release|Any CPU.ActiveCfg = Release|Any CPU
		{00E60E88-690B-488A-9EA8-F0A42516C351}.Release|Any CPU.Build.0 = Release|Any CPU
		{7A4C36D8-E487-457A-874A-1D9AAED43EE7}.Debug|Any CPU.ActiveCfg = Debug|Any CPU
		{7A4C36D8-E487-457A-874A-1D9AAED43EE7}.Debug|Any CPU.Build.0 = Debug|Any CPU
		{7A4C36D8-E487-457A-874A-1D9AAED43EE7}.Release|Any CPU.ActiveCfg = Release|Any CPU
		{7A4C36D8-E487-457A-874A-1D9AAED43EE7}.Release|Any CPU.Build.0 = Release|Any CPU
		{BF1EAB5D-A729-44A6-8F0D-E9C84E60AF07}.Debug|Any CPU.ActiveCfg = Debug|Any CPU
		{BF1EAB5D-A729-44A6-8F0D-E9C84E60AF07}.Debug|Any CPU.Build.0 = Debug|Any CPU
		{BF1EAB5D-A729-44A6-8F0D-E9C84E60AF07}.Release|Any CPU.ActiveCfg = Release|Any CPU
		{BF1EAB5D-A729-44A6-8F0D-E9C84E60AF07}.Release|Any CPU.Build.0 = Release|Any CPU
		{2063F82E-35C2-478B-BA81-443812C40BA9}.Debug|Any CPU.ActiveCfg = Debug|Any CPU
		{2063F82E-35C2-478B-BA81-443812C40BA9}.Debug|Any CPU.Build.0 = Debug|Any CPU
		{2063F82E-35C2-478B-BA81-443812C40BA9}.Release|Any CPU.ActiveCfg = Release|Any CPU
		{2063F82E-35C2-478B-BA81-443812C40BA9}.Release|Any CPU.Build.0 = Release|Any CPU
		{52E6077E-4168-4C5A-9F02-C3BB9A4D3CE9}.Debug|Any CPU.ActiveCfg = Debug|Any CPU
		{52E6077E-4168-4C5A-9F02-C3BB9A4D3CE9}.Debug|Any CPU.Build.0 = Debug|Any CPU
		{52E6077E-4168-4C5A-9F02-C3BB9A4D3CE9}.Release|Any CPU.ActiveCfg = Release|Any CPU
		{52E6077E-4168-4C5A-9F02-C3BB9A4D3CE9}.Release|Any CPU.Build.0 = Release|Any CPU
		{19173963-0243-4B96-ADE6-644001B1293F}.Debug|Any CPU.ActiveCfg = Debug|Any CPU
		{19173963-0243-4B96-ADE6-644001B1293F}.Debug|Any CPU.Build.0 = Debug|Any CPU
		{19173963-0243-4B96-ADE6-644001B1293F}.Release|Any CPU.ActiveCfg = Release|Any CPU
		{19173963-0243-4B96-ADE6-644001B1293F}.Release|Any CPU.Build.0 = Release|Any CPU
		{0A639DCD-DA7C-447F-BCF4-CA773411B62A}.Debug|Any CPU.ActiveCfg = Debug|Any CPU
		{0A639DCD-DA7C-447F-BCF4-CA773411B62A}.Debug|Any CPU.Build.0 = Debug|Any CPU
		{0A639DCD-DA7C-447F-BCF4-CA773411B62A}.Release|Any CPU.ActiveCfg = Release|Any CPU
		{0A639DCD-DA7C-447F-BCF4-CA773411B62A}.Release|Any CPU.Build.0 = Release|Any CPU
		{7937AFF3-FCEE-488F-ACE0-27EEA82726B4}.Debug|Any CPU.ActiveCfg = Debug|Any CPU
		{7937AFF3-FCEE-488F-ACE0-27EEA82726B4}.Debug|Any CPU.Build.0 = Debug|Any CPU
		{7937AFF3-FCEE-488F-ACE0-27EEA82726B4}.Release|Any CPU.ActiveCfg = Release|Any CPU
		{7937AFF3-FCEE-488F-ACE0-27EEA82726B4}.Release|Any CPU.Build.0 = Release|Any CPU
		{508259D8-88B1-4C60-85FD-E09607651B37}.Debug|Any CPU.ActiveCfg = Debug|Any CPU
		{508259D8-88B1-4C60-85FD-E09607651B37}.Debug|Any CPU.Build.0 = Debug|Any CPU
		{508259D8-88B1-4C60-85FD-E09607651B37}.Release|Any CPU.ActiveCfg = Release|Any CPU
		{508259D8-88B1-4C60-85FD-E09607651B37}.Release|Any CPU.Build.0 = Release|Any CPU
		{D205DC4E-50FD-4C11-9E21-3E34B22EE68E}.Debug|Any CPU.ActiveCfg = Debug|Any CPU
		{D205DC4E-50FD-4C11-9E21-3E34B22EE68E}.Debug|Any CPU.Build.0 = Debug|Any CPU
		{D205DC4E-50FD-4C11-9E21-3E34B22EE68E}.Release|Any CPU.ActiveCfg = Release|Any CPU
		{D205DC4E-50FD-4C11-9E21-3E34B22EE68E}.Release|Any CPU.Build.0 = Release|Any CPU
	EndGlobalSection
	GlobalSection(SolutionProperties) = preSolution
		HideSolutionNode = FALSE
	EndGlobalSection
	GlobalSection(ExtensibilityGlobals) = postSolution
		SolutionGuid = {442251B6-EB5A-440D-A02C-FFC6CF24DEC4}
	EndGlobalSection
EndGlobal
