
Microsoft Visual Studio Solution File, Format Version 12.00
# Visual Studio Version 17
VisualStudioVersion = 17.1.32407.343
MinimumVisualStudioVersion = 10.0.40219.1
Project("{FAE04EC0-301F-11D3-BF4B-00C04F79EFBC}") = "SoftUniCSharp", "SoftUniCSharp\SoftUniCSharp.csproj", "{00E60E88-690B-488A-9EA8-F0A42516C351}"
EndProject
Project("{FAE04EC0-301F-11D3-BF4B-00C04F79EFBC}") = "WorkingDays", "WorkingDays\WorkingDays.csproj", "{7A4C36D8-E487-457A-874A-1D9AAED43EE7}"
EndProject
Project("{FAE04EC0-301F-11D3-BF4B-00C04F79EFBC}") = "InvalidNumber", "InvalidNumber\InvalidNumber.csproj", "{BF1EAB5D-A729-44A6-8F0D-E9C84E60AF07}"
EndProject
Global
	GlobalSection(SolutionConfigurationPlatforms) = preSolution
		Debug|Any CPU = Debug|Any CPU
		Release|Any CPU = Release|Any CPU
	EndGlobalSection
	GlobalSection(ProjectConfigurationPlatforms) = postSolution
		{00E60E88-690B-488A-9EA8-F0A42516C351}.Debug|Any CPU.ActiveCfg = Debug|Any CPU
		{00E60E88-690B-488A-9EA8-F0A42516C351}.Debug|Any CPU.Build.0 = Debug|Any CPU
		{00E60E88-690B-488A-9EA8-F0A42516C351}.Release|Any CPU.ActiveCfg = Release|Any CPU
		{00E60E88-690B-488A-9EA8-F0A42516C351}.Release|Any CPU.Build.0 = Release|Any CPU
		{7A4C36D8-E487-457A-874A-1D9AAED43EE7}.Debug|Any CPU.ActiveCfg = Debug|Any CPU
		{7A4C36D8-E487-457A-874A-1D9AAED43EE7}.Debug|Any CPU.Build.0 = Debug|Any CPU
		{7A4C36D8-E487-457A-874A-1D9AAED43EE7}.Release|Any CPU.ActiveCfg = Release|Any CPU
		{7A4C36D8-E487-457A-874A-1D9AAED43EE7}.Release|Any CPU.Build.0 = Release|Any CPU
		{BF1EAB5D-A729-44A6-8F0D-E9C84E60AF07}.Debug|Any CPU.ActiveCfg = Debug|Any CPU
		{BF1EAB5D-A729-44A6-8F0D-E9C84E60AF07}.Debug|Any CPU.Build.0 = Debug|Any CPU
		{BF1EAB5D-A729-44A6-8F0D-E9C84E60AF07}.Release|Any CPU.ActiveCfg = Release|Any CPU
		{BF1EAB5D-A729-44A6-8F0D-E9C84E60AF07}.Release|Any CPU.Build.0 = Release|Any CPU
	EndGlobalSection
	GlobalSection(SolutionProperties) = preSolution
		HideSolutionNode = FALSE
	EndGlobalSection
	GlobalSection(ExtensibilityGlobals) = postSolution
		SolutionGuid = {442251B6-EB5A-440D-A02C-FFC6CF24DEC4}
	EndGlobalSection
EndGlobal
